
Microsoft Visual Studio Solution File, Format Version 12.00
# Visual Studio 15
VisualStudioVersion = 15.0.27130.2027
MinimumVisualStudioVersion = 10.0.40219.1
Project("{E53339B2-1760-4266-BCC7-CA923CBCF16C}") = "docker-compose", "docker-compose.dcproj", "{DA4C3D63-1076-4E7C-939C-01DC808425FF}"
EndProject
Project("{2150E333-8FDC-42A3-9474-1A3956D46DE8}") = "services", "services", "{B0C46136-A5FC-46C6-9133-58B2B72535B9}"
EndProject
Project("{2150E333-8FDC-42A3-9474-1A3956D46DE8}") = "endpoints", "endpoints", "{0178DD9F-FF60-4DB0-B86E-EFC427F684A7}"
EndProject
Project("{2150E333-8FDC-42A3-9474-1A3956D46DE8}") = "Booking", "Booking", "{041856CC-3D32-4B5F-8AFC-1045DFAF8786}"
EndProject
Project("{9A19103F-16F7-4668-BE54-9A1E7A4F7556}") = "Booking.API", "Booking.API\Booking.API.csproj", "{857BDA04-B39C-4650-B091-B5F358C0763B}"
EndProject
Project("{2150E333-8FDC-42A3-9474-1A3956D46DE8}") = "SharedLibs", "SharedLibs", "{0778452F-6ACD-4897-A774-0FD2D925BE2D}"
EndProject
Project("{2150E333-8FDC-42A3-9474-1A3956D46DE8}") = "Model", "Model", "{DC0D465A-C4D7-4FC9-85A1-965A60764D95}"
EndProject
Project("{2150E333-8FDC-42A3-9474-1A3956D46DE8}") = "DataModel", "DataModel", "{66AEA7AF-27E2-4B11-BA74-869DFADFE5C1}"
EndProject
Project("{2150E333-8FDC-42A3-9474-1A3956D46DE8}") = "web", "web", "{9DF3E96D-3F60-46F3-8369-603318B346C4}"
EndProject
Project("{2150E333-8FDC-42A3-9474-1A3956D46DE8}") = "mobile", "mobile", "{3F8A0E71-E852-4405-AE52-543D16BA6927}"
EndProject
Project("{2150E333-8FDC-42A3-9474-1A3956D46DE8}") = "MongoDB", "MongoDB", "{483D424C-164F-46A3-A9F3-6FE261BC7DD2}"
EndProject
Project("{9A19103F-16F7-4668-BE54-9A1E7A4F7556}") = "Models", "Models\Models.csproj", "{5ADC4C64-C5AE-4E93-86D6-4B1BBB78AF0D}"
EndProject
Project("{9A19103F-16F7-4668-BE54-9A1E7A4F7556}") = "DomainModel", "DomainModel\DomainModel.csproj", "{61AE5A93-F81B-4FBA-936D-C7BFF8899D5E}"
EndProject
Project("{2150E333-8FDC-42A3-9474-1A3956D46DE8}") = "Ultility", "Ultility", "{1EEAD59C-67CB-4FA0-9AC5-A898501C32F2}"
EndProject
Project("{9A19103F-16F7-4668-BE54-9A1E7A4F7556}") = "UltilityLib", "UltilityLib\UltilityLib.csproj", "{41F82B01-3EBE-4DDE-9585-152C9D0C8FA5}"
EndProject
Project("{2150E333-8FDC-42A3-9474-1A3956D46DE8}") = "Logging", "Logging", "{50044BCD-3A9C-4A5D-BD73-8DBAAC0D298F}"
EndProject
Project("{9A19103F-16F7-4668-BE54-9A1E7A4F7556}") = "Log.API", "Log.API\Log.API.csproj", "{924BD259-D670-4C07-9991-25FB386522B4}"
EndProject
Project("{FAE04EC0-301F-11D3-BF4B-00C04F79EFBC}") = "HairByVicky", "Web\HairByVicky\HairByVicky.csproj", "{0C736117-4333-44D3-B8DA-21A7090183B8}"
EndProject
Global
	GlobalSection(SolutionConfigurationPlatforms) = preSolution
		Debug|Any CPU = Debug|Any CPU
		Release|Any CPU = Release|Any CPU
	EndGlobalSection
	GlobalSection(ProjectConfigurationPlatforms) = postSolution
		{DA4C3D63-1076-4E7C-939C-01DC808425FF}.Debug|Any CPU.ActiveCfg = Debug|Any CPU
		{DA4C3D63-1076-4E7C-939C-01DC808425FF}.Debug|Any CPU.Build.0 = Debug|Any CPU
		{DA4C3D63-1076-4E7C-939C-01DC808425FF}.Release|Any CPU.ActiveCfg = Release|Any CPU
		{DA4C3D63-1076-4E7C-939C-01DC808425FF}.Release|Any CPU.Build.0 = Release|Any CPU
		{857BDA04-B39C-4650-B091-B5F358C0763B}.Debug|Any CPU.ActiveCfg = Debug|Any CPU
		{857BDA04-B39C-4650-B091-B5F358C0763B}.Debug|Any CPU.Build.0 = Debug|Any CPU
		{857BDA04-B39C-4650-B091-B5F358C0763B}.Release|Any CPU.ActiveCfg = Release|Any CPU
		{857BDA04-B39C-4650-B091-B5F358C0763B}.Release|Any CPU.Build.0 = Release|Any CPU
		{5ADC4C64-C5AE-4E93-86D6-4B1BBB78AF0D}.Debug|Any CPU.ActiveCfg = Debug|Any CPU
		{5ADC4C64-C5AE-4E93-86D6-4B1BBB78AF0D}.Debug|Any CPU.Build.0 = Debug|Any CPU
		{5ADC4C64-C5AE-4E93-86D6-4B1BBB78AF0D}.Release|Any CPU.ActiveCfg = Release|Any CPU
		{5ADC4C64-C5AE-4E93-86D6-4B1BBB78AF0D}.Release|Any CPU.Build.0 = Release|Any CPU
		{61AE5A93-F81B-4FBA-936D-C7BFF8899D5E}.Debug|Any CPU.ActiveCfg = Debug|Any CPU
		{61AE5A93-F81B-4FBA-936D-C7BFF8899D5E}.Debug|Any CPU.Build.0 = Debug|Any CPU
		{61AE5A93-F81B-4FBA-936D-C7BFF8899D5E}.Release|Any CPU.ActiveCfg = Release|Any CPU
		{61AE5A93-F81B-4FBA-936D-C7BFF8899D5E}.Release|Any CPU.Build.0 = Release|Any CPU
		{41F82B01-3EBE-4DDE-9585-152C9D0C8FA5}.Debug|Any CPU.ActiveCfg = Debug|Any CPU
		{41F82B01-3EBE-4DDE-9585-152C9D0C8FA5}.Debug|Any CPU.Build.0 = Debug|Any CPU
		{41F82B01-3EBE-4DDE-9585-152C9D0C8FA5}.Release|Any CPU.ActiveCfg = Release|Any CPU
		{41F82B01-3EBE-4DDE-9585-152C9D0C8FA5}.Release|Any CPU.Build.0 = Release|Any CPU
		{924BD259-D670-4C07-9991-25FB386522B4}.Debug|Any CPU.ActiveCfg = Debug|Any CPU
		{924BD259-D670-4C07-9991-25FB386522B4}.Debug|Any CPU.Build.0 = Debug|Any CPU
		{924BD259-D670-4C07-9991-25FB386522B4}.Release|Any CPU.ActiveCfg = Release|Any CPU
		{924BD259-D670-4C07-9991-25FB386522B4}.Release|Any CPU.Build.0 = Release|Any CPU
		{0C736117-4333-44D3-B8DA-21A7090183B8}.Debug|Any CPU.ActiveCfg = Debug|Any CPU
		{0C736117-4333-44D3-B8DA-21A7090183B8}.Debug|Any CPU.Build.0 = Debug|Any CPU
		{0C736117-4333-44D3-B8DA-21A7090183B8}.Release|Any CPU.ActiveCfg = Release|Any CPU
		{0C736117-4333-44D3-B8DA-21A7090183B8}.Release|Any CPU.Build.0 = Release|Any CPU
	EndGlobalSection
	GlobalSection(SolutionProperties) = preSolution
		HideSolutionNode = FALSE
	EndGlobalSection
	GlobalSection(NestedProjects) = preSolution
		{041856CC-3D32-4B5F-8AFC-1045DFAF8786} = {B0C46136-A5FC-46C6-9133-58B2B72535B9}
		{857BDA04-B39C-4650-B091-B5F358C0763B} = {041856CC-3D32-4B5F-8AFC-1045DFAF8786}
		{DC0D465A-C4D7-4FC9-85A1-965A60764D95} = {0778452F-6ACD-4897-A774-0FD2D925BE2D}
		{66AEA7AF-27E2-4B11-BA74-869DFADFE5C1} = {0778452F-6ACD-4897-A774-0FD2D925BE2D}
		{9DF3E96D-3F60-46F3-8369-603318B346C4} = {0178DD9F-FF60-4DB0-B86E-EFC427F684A7}
		{3F8A0E71-E852-4405-AE52-543D16BA6927} = {0178DD9F-FF60-4DB0-B86E-EFC427F684A7}
		{483D424C-164F-46A3-A9F3-6FE261BC7DD2} = {0778452F-6ACD-4897-A774-0FD2D925BE2D}
		{5ADC4C64-C5AE-4E93-86D6-4B1BBB78AF0D} = {DC0D465A-C4D7-4FC9-85A1-965A60764D95}
		{61AE5A93-F81B-4FBA-936D-C7BFF8899D5E} = {66AEA7AF-27E2-4B11-BA74-869DFADFE5C1}
		{1EEAD59C-67CB-4FA0-9AC5-A898501C32F2} = {0778452F-6ACD-4897-A774-0FD2D925BE2D}
		{41F82B01-3EBE-4DDE-9585-152C9D0C8FA5} = {1EEAD59C-67CB-4FA0-9AC5-A898501C32F2}
		{50044BCD-3A9C-4A5D-BD73-8DBAAC0D298F} = {B0C46136-A5FC-46C6-9133-58B2B72535B9}
		{924BD259-D670-4C07-9991-25FB386522B4} = {50044BCD-3A9C-4A5D-BD73-8DBAAC0D298F}
		{0C736117-4333-44D3-B8DA-21A7090183B8} = {9DF3E96D-3F60-46F3-8369-603318B346C4}
	EndGlobalSection
	GlobalSection(ExtensibilityGlobals) = postSolution
		SolutionGuid = {ACD20BA0-F534-40B8-866F-D8385CF066AF}
	EndGlobalSection
EndGlobal
